
Microsoft Visual Studio Solution File, Format Version 12.00
# Visual Studio Version 17
VisualStudioVersion = 17.0.31903.59
MinimumVisualStudioVersion = 10.0.40219.1
Project("{9A19103F-16F7-4668-BE54-9A1E7A4F7556}") = "Grpc.Client", "Client\Grpc.Client.csproj", "{E46D329D-8184-43B3-B4D0-35473F4A36DF}"
EndProject
Project("{9A19103F-16F7-4668-BE54-9A1E7A4F7556}") = "Grpc.Server", "Server\Grpc.Server.csproj", "{234A295A-00C0-429A-A752-45D4ACA9ED8E}"
EndProject
Project("{9A19103F-16F7-4668-BE54-9A1E7A4F7556}") = "Grpc.Contracts", "Contracts\Grpc.Contracts.csproj", "{E29E5484-EBAA-46EF-A49B-1ADD5DD287BC}"
EndProject
Project("{9A19103F-16F7-4668-BE54-9A1E7A4F7556}") = "Grpc.Worker", "Worker\Grpc.Worker.csproj", "{E4B78033-AA01-4A2F-8BE9-D00F0D90D9D0}"
EndProject
Project("{2150E333-8FDC-42A3-9474-1A3956D46DE8}") = "Solution Items", "Solution Items", "{62466D91-CEE6-4CB2-A4BE-E2D78D056C64}"
	ProjectSection(SolutionItems) = preProject
		..\Directory.Build.props = ..\Directory.Build.props
	EndProjectSection
EndProject
Global
	GlobalSection(SolutionConfigurationPlatforms) = preSolution
		Debug|Any CPU = Debug|Any CPU
		Release|Any CPU = Release|Any CPU
	EndGlobalSection
	GlobalSection(ProjectConfigurationPlatforms) = postSolution
		{E46D329D-8184-43B3-B4D0-35473F4A36DF}.Debug|Any CPU.ActiveCfg = Debug|Any CPU
		{E46D329D-8184-43B3-B4D0-35473F4A36DF}.Debug|Any CPU.Build.0 = Debug|Any CPU
		{E46D329D-8184-43B3-B4D0-35473F4A36DF}.Release|Any CPU.ActiveCfg = Release|Any CPU
		{E46D329D-8184-43B3-B4D0-35473F4A36DF}.Release|Any CPU.Build.0 = Release|Any CPU
		{234A295A-00C0-429A-A752-45D4ACA9ED8E}.Debug|Any CPU.ActiveCfg = Debug|Any CPU
		{234A295A-00C0-429A-A752-45D4ACA9ED8E}.Debug|Any CPU.Build.0 = Debug|Any CPU
		{234A295A-00C0-429A-A752-45D4ACA9ED8E}.Release|Any CPU.ActiveCfg = Release|Any CPU
		{234A295A-00C0-429A-A752-45D4ACA9ED8E}.Release|Any CPU.Build.0 = Release|Any CPU
		{E29E5484-EBAA-46EF-A49B-1ADD5DD287BC}.Debug|Any CPU.ActiveCfg = Debug|Any CPU
		{E29E5484-EBAA-46EF-A49B-1ADD5DD287BC}.Debug|Any CPU.Build.0 = Debug|Any CPU
		{E29E5484-EBAA-46EF-A49B-1ADD5DD287BC}.Release|Any CPU.ActiveCfg = Release|Any CPU
		{E29E5484-EBAA-46EF-A49B-1ADD5DD287BC}.Release|Any CPU.Build.0 = Release|Any CPU
		{E4B78033-AA01-4A2F-8BE9-D00F0D90D9D0}.Debug|Any CPU.ActiveCfg = Debug|Any CPU
		{E4B78033-AA01-4A2F-8BE9-D00F0D90D9D0}.Debug|Any CPU.Build.0 = Debug|Any CPU
		{E4B78033-AA01-4A2F-8BE9-D00F0D90D9D0}.Release|Any CPU.ActiveCfg = Release|Any CPU
		{E4B78033-AA01-4A2F-8BE9-D00F0D90D9D0}.Release|Any CPU.Build.0 = Release|Any CPU
	EndGlobalSection
	GlobalSection(SolutionProperties) = preSolution
		HideSolutionNode = FALSE
	EndGlobalSection
	GlobalSection(ExtensibilityGlobals) = postSolution
		SolutionGuid = {BB47425E-5D99-4DBD-9C97-0BF474EF9097}
	EndGlobalSection
EndGlobal
